
Microsoft Visual Studio Solution File, Format Version 12.00
# Visual Studio Version 17
VisualStudioVersion = 17.5.33424.131
MinimumVisualStudioVersion = 10.0.40219.1
Project("{FAE04EC0-301F-11D3-BF4B-00C04F79EFBC}") = "SOMIODd25", "SOMIODd25\SOMIODd25.csproj", "{59C73D8D-3470-41C3-A1B7-2EF1DECF28F1}"
EndProject
Project("{FAE04EC0-301F-11D3-BF4B-00C04F79EFBC}") = "PublisherApp", "AppB\PublisherApp.csproj", "{D5AFB6A4-1EAE-4E83-9BE9-21FAC7C12DB9}"
EndProject
Global
	GlobalSection(SolutionConfigurationPlatforms) = preSolution
		Debug|Any CPU = Debug|Any CPU
		Release|Any CPU = Release|Any CPU
	EndGlobalSection
	GlobalSection(ProjectConfigurationPlatforms) = postSolution
		{59C73D8D-3470-41C3-A1B7-2EF1DECF28F1}.Debug|Any CPU.ActiveCfg = Debug|Any CPU
		{59C73D8D-3470-41C3-A1B7-2EF1DECF28F1}.Debug|Any CPU.Build.0 = Debug|Any CPU
		{59C73D8D-3470-41C3-A1B7-2EF1DECF28F1}.Release|Any CPU.ActiveCfg = Release|Any CPU
		{59C73D8D-3470-41C3-A1B7-2EF1DECF28F1}.Release|Any CPU.Build.0 = Release|Any CPU
		{D5AFB6A4-1EAE-4E83-9BE9-21FAC7C12DB9}.Debug|Any CPU.ActiveCfg = Debug|Any CPU
		{D5AFB6A4-1EAE-4E83-9BE9-21FAC7C12DB9}.Debug|Any CPU.Build.0 = Debug|Any CPU
		{D5AFB6A4-1EAE-4E83-9BE9-21FAC7C12DB9}.Release|Any CPU.ActiveCfg = Release|Any CPU
		{D5AFB6A4-1EAE-4E83-9BE9-21FAC7C12DB9}.Release|Any CPU.Build.0 = Release|Any CPU
	EndGlobalSection
	GlobalSection(SolutionProperties) = preSolution
		HideSolutionNode = FALSE
	EndGlobalSection
	GlobalSection(ExtensibilityGlobals) = postSolution
		SolutionGuid = {A70DB8F9-CBF2-4342-BD05-DA5B3E8C2007}
	EndGlobalSection
EndGlobal
